// !$*UTF8*$!
{
	archiveVersion = 1;
	classes = {
	};
	objectVersion = 52;
	objects = {

/* Begin PBXBuildFile section */
		BA5194E327971D120067A7D2 /* TableCell.swift in Sources */ = {isa = PBXBuildFile; fileRef = BA5194E227971D120067A7D2 /* TableCell.swift */; };
		BA5194E62798622D0067A7D2 /* UIImage+URL.swift in Sources */ = {isa = PBXBuildFile; fileRef = BA5194E52798622D0067A7D2 /* UIImage+URL.swift */; };
		BA5194E8279867780067A7D2 /* Member.swift in Sources */ = {isa = PBXBuildFile; fileRef = BA5194E7279867780067A7D2 /* Member.swift */; };
		D7B65222274E24D900341421 /* BDataProvider.xcframework in Frameworks */ = {isa = PBXBuildFile; fileRef = D7B65221274E24D900341421 /* BDataProvider.xcframework */; };
		D7C4F0A21CF4444E003FEDB9 /* AppDelegate.swift in Sources */ = {isa = PBXBuildFile; fileRef = D7C4F0A11CF4444E003FEDB9 /* AppDelegate.swift */; };
		D7C4F0A41CF4444E003FEDB9 /* ViewController.swift in Sources */ = {isa = PBXBuildFile; fileRef = D7C4F0A31CF4444E003FEDB9 /* ViewController.swift */; };
		D7C4F0A71CF4444E003FEDB9 /* Main.storyboard in Resources */ = {isa = PBXBuildFile; fileRef = D7C4F0A51CF4444E003FEDB9 /* Main.storyboard */; };
		D7C4F0A91CF4444E003FEDB9 /* Assets.xcassets in Resources */ = {isa = PBXBuildFile; fileRef = D7C4F0A81CF4444E003FEDB9 /* Assets.xcassets */; };
		D7C4F0AC1CF4444E003FEDB9 /* LaunchScreen.storyboard in Resources */ = {isa = PBXBuildFile; fileRef = D7C4F0AA1CF4444E003FEDB9 /* LaunchScreen.storyboard */; };
/* End PBXBuildFile section */

/* Begin PBXCopyFilesBuildPhase section */
		D78C61A120208239008C94EF /* Embed Frameworks */ = {
			isa = PBXCopyFilesBuildPhase;
			buildActionMask = 2147483647;
			dstPath = "";
			dstSubfolderSpec = 10;
			files = (
			);
			name = "Embed Frameworks";
			runOnlyForDeploymentPostprocessing = 0;
		};
/* End PBXCopyFilesBuildPhase section */

/* Begin PBXFileReference section */
		BA5194E227971D120067A7D2 /* TableCell.swift */ = {isa = PBXFileReference; lastKnownFileType = sourcecode.swift; path = TableCell.swift; sourceTree = "<group>"; };
		BA5194E52798622D0067A7D2 /* UIImage+URL.swift */ = {isa = PBXFileReference; lastKnownFileType = sourcecode.swift; path = "UIImage+URL.swift"; sourceTree = "<group>"; };
		BA5194E7279867780067A7D2 /* Member.swift */ = {isa = PBXFileReference; lastKnownFileType = sourcecode.swift; path = Member.swift; sourceTree = "<group>"; };
		D7B65221274E24D900341421 /* BDataProvider.xcframework */ = {isa = PBXFileReference; lastKnownFileType = wrapper.xcframework; path = BDataProvider.xcframework; sourceTree = "<group>"; };
		D7C4F09E1CF4444E003FEDB9 /* TestMiOS.app */ = {isa = PBXFileReference; explicitFileType = wrapper.application; includeInIndex = 0; path = TestMiOS.app; sourceTree = BUILT_PRODUCTS_DIR; };
		D7C4F0A11CF4444E003FEDB9 /* AppDelegate.swift */ = {isa = PBXFileReference; lastKnownFileType = sourcecode.swift; path = AppDelegate.swift; sourceTree = "<group>"; };
		D7C4F0A31CF4444E003FEDB9 /* ViewController.swift */ = {isa = PBXFileReference; lastKnownFileType = sourcecode.swift; path = ViewController.swift; sourceTree = "<group>"; };
		D7C4F0A61CF4444E003FEDB9 /* Base */ = {isa = PBXFileReference; lastKnownFileType = file.storyboard; name = Base; path = Base.lproj/Main.storyboard; sourceTree = "<group>"; };
		D7C4F0A81CF4444E003FEDB9 /* Assets.xcassets */ = {isa = PBXFileReference; lastKnownFileType = folder.assetcatalog; path = Assets.xcassets; sourceTree = "<group>"; };
		D7C4F0AB1CF4444E003FEDB9 /* Base */ = {isa = PBXFileReference; lastKnownFileType = file.storyboard; name = Base; path = Base.lproj/LaunchScreen.storyboard; sourceTree = "<group>"; };
		D7C4F0AD1CF4444E003FEDB9 /* Info.plist */ = {isa = PBXFileReference; lastKnownFileType = text.plist.xml; path = Info.plist; sourceTree = "<group>"; };
		D7C4F0B61CF4444E003FEDB9 /* TestMiOSTests.swift */ = {isa = PBXFileReference; lastKnownFileType = sourcecode.swift; path = TestMiOSTests.swift; sourceTree = "<group>"; };
		D7C4F0B81CF4444E003FEDB9 /* Info.plist */ = {isa = PBXFileReference; lastKnownFileType = text.plist.xml; path = Info.plist; sourceTree = "<group>"; };
/* End PBXFileReference section */

/* Begin PBXFrameworksBuildPhase section */
		D7C4F09B1CF4444E003FEDB9 /* Frameworks */ = {
			isa = PBXFrameworksBuildPhase;
			buildActionMask = 2147483647;
			files = (
				D7B65222274E24D900341421 /* BDataProvider.xcframework in Frameworks */,
			);
			runOnlyForDeploymentPostprocessing = 0;
		};
/* End PBXFrameworksBuildPhase section */

/* Begin PBXGroup section */
		D7C4F0951CF4444E003FEDB9 = {
			isa = PBXGroup;
			children = (
				D7C4F0A01CF4444E003FEDB9 /* TestMiOS */,
				D7C4F0B51CF4444E003FEDB9 /* TestMiOSTests */,
				D7C4F09F1CF4444E003FEDB9 /* Products */,
			);
			sourceTree = "<group>";
		};
		D7C4F09F1CF4444E003FEDB9 /* Products */ = {
			isa = PBXGroup;
			children = (
				D7C4F09E1CF4444E003FEDB9 /* TestMiOS.app */,
			);
			name = Products;
			sourceTree = "<group>";
		};
		D7C4F0A01CF4444E003FEDB9 /* TestMiOS */ = {
			isa = PBXGroup;
			children = (
				D7C4F0A11CF4444E003FEDB9 /* AppDelegate.swift */,
				D7C4F0A31CF4444E003FEDB9 /* ViewController.swift */,
				D7C4F0A51CF4444E003FEDB9 /* Main.storyboard */,
				D7C4F0A81CF4444E003FEDB9 /* Assets.xcassets */,
				D7C4F0AA1CF4444E003FEDB9 /* LaunchScreen.storyboard */,
				D7C4F0AD1CF4444E003FEDB9 /* Info.plist */,
				D7C4F0C11CF44459003FEDB9 /* Frameworks */,
				BA5194E227971D120067A7D2 /* TableCell.swift */,
				BA5194E52798622D0067A7D2 /* UIImage+URL.swift */,
				BA5194E7279867780067A7D2 /* Member.swift */,
			);
			path = TestMiOS;
			sourceTree = "<group>";
		};
		D7C4F0B51CF4444E003FEDB9 /* TestMiOSTests */ = {
			isa = PBXGroup;
			children = (
				D7C4F0B61CF4444E003FEDB9 /* TestMiOSTests.swift */,
				D7C4F0B81CF4444E003FEDB9 /* Info.plist */,
			);
			path = TestMiOSTests;
			sourceTree = "<group>";
		};
		D7C4F0C11CF44459003FEDB9 /* Frameworks */ = {
			isa = PBXGroup;
			children = (
				D7B65221274E24D900341421 /* BDataProvider.xcframework */,
			);
			name = Frameworks;
			sourceTree = "<group>";
		};
/* End PBXGroup section */

/* Begin PBXNativeTarget section */
		D7C4F09D1CF4444E003FEDB9 /* TestMiOS */ = {
			isa = PBXNativeTarget;
			buildConfigurationList = D7C4F0BB1CF4444E003FEDB9 /* Build configuration list for PBXNativeTarget "TestMiOS" */;
			buildPhases = (
				D7C4F09A1CF4444E003FEDB9 /* Sources */,
				D7C4F09B1CF4444E003FEDB9 /* Frameworks */,
				D7C4F09C1CF4444E003FEDB9 /* Resources */,
				D78C61A120208239008C94EF /* Embed Frameworks */,
			);
			buildRules = (
			);
			dependencies = (
			);
			name = TestMiOS;
			productName = TestMiOS;
			productReference = D7C4F09E1CF4444E003FEDB9 /* TestMiOS.app */;
			productType = "com.apple.product-type.application";
		};
/* End PBXNativeTarget section */

/* Begin PBXProject section */
		D7C4F0961CF4444E003FEDB9 /* Project object */ = {
			isa = PBXProject;
			attributes = {
				LastSwiftUpdateCheck = 0730;
				LastUpgradeCheck = 0920;
				ORGANIZATIONNAME = "Adina Porea";
				TargetAttributes = {
					D7C4F09D1CF4444E003FEDB9 = {
						CreatedOnToolsVersion = 7.3;
						LastSwiftMigration = 1200;
					};
				};
			};
			buildConfigurationList = D7C4F0991CF4444E003FEDB9 /* Build configuration list for PBXProject "TestMiOS" */;
			compatibilityVersion = "Xcode 3.2";
			developmentRegion = English;
			hasScannedForEncodings = 0;
			knownRegions = (
				English,
				en,
				Base,
			);
			mainGroup = D7C4F0951CF4444E003FEDB9;
			productRefGroup = D7C4F09F1CF4444E003FEDB9 /* Products */;
			projectDirPath = "";
			projectRoot = "";
			targets = (
				D7C4F09D1CF4444E003FEDB9 /* TestMiOS */,
			);
		};
/* End PBXProject section */

/* Begin PBXResourcesBuildPhase section */
		D7C4F09C1CF4444E003FEDB9 /* Resources */ = {
			isa = PBXResourcesBuildPhase;
			buildActionMask = 2147483647;
			files = (
				D7C4F0AC1CF4444E003FEDB9 /* LaunchScreen.storyboard in Resources */,
				D7C4F0A91CF4444E003FEDB9 /* Assets.xcassets in Resources */,
				D7C4F0A71CF4444E003FEDB9 /* Main.storyboard in Resources */,
			);
			runOnlyForDeploymentPostprocessing = 0;
		};
/* End PBXResourcesBuildPhase section */

/* Begin PBXSourcesBuildPhase section */
		D7C4F09A1CF4444E003FEDB9 /* Sources */ = {
			isa = PBXSourcesBuildPhase;
			buildActionMask = 2147483647;
			files = (
				BA5194E327971D120067A7D2 /* TableCell.swift in Sources */,
				D7C4F0A41CF4444E003FEDB9 /* ViewController.swift in Sources */,
				D7C4F0A21CF4444E003FEDB9 /* AppDelegate.swift in Sources */,
				BA5194E62798622D0067A7D2 /* UIImage+URL.swift in Sources */,
				BA5194E8279867780067A7D2 /* Member.swift in Sources */,
			);
			runOnlyForDeploymentPostprocessing = 0;
		};
/* End PBXSourcesBuildPhase section */

/* Begin PBXVariantGroup section */
		D7C4F0A51CF4444E003FEDB9 /* Main.storyboard */ = {
			isa = PBXVariantGroup;
			children = (
				D7C4F0A61CF4444E003FEDB9 /* Base */,
			);
			name = Main.storyboard;
			sourceTree = "<group>";
		};
		D7C4F0AA1CF4444E003FEDB9 /* LaunchScreen.storyboard */ = {
			isa = PBXVariantGroup;
			children = (
				D7C4F0AB1CF4444E003FEDB9 /* Base */,
			);
			name = LaunchScreen.storyboard;
			sourceTree = "<group>";
		};
/* End PBXVariantGroup section */

/* Begin XCBuildConfiguration section */
		D7C4F0B91CF4444E003FEDB9 /* Debug */ = {
			isa = XCBuildConfiguration;
			buildSettings = {
				ALWAYS_SEARCH_USER_PATHS = NO;
				CLANG_ANALYZER_NONNULL = YES;
				CLANG_CXX_LANGUAGE_STANDARD = "gnu++0x";
				CLANG_CXX_LIBRARY = "libc++";
				CLANG_ENABLE_MODULES = YES;
				CLANG_ENABLE_OBJC_ARC = YES;
				CLANG_WARN_BLOCK_CAPTURE_AUTORELEASING = YES;
				CLANG_WARN_BOOL_CONVERSION = YES;
				CLANG_WARN_COMMA = YES;
				CLANG_WARN_CONSTANT_CONVERSION = YES;
				CLANG_WARN_DIRECT_OBJC_ISA_USAGE = YES_ERROR;
				CLANG_WARN_EMPTY_BODY = YES;
				CLANG_WARN_ENUM_CONVERSION = YES;
				CLANG_WARN_INFINITE_RECURSION = YES;
				CLANG_WARN_INT_CONVERSION = YES;
				CLANG_WARN_NON_LITERAL_NULL_CONVERSION = YES;
				CLANG_WARN_OBJC_LITERAL_CONVERSION = YES;
				CLANG_WARN_OBJC_ROOT_CLASS = YES_ERROR;
				CLANG_WARN_RANGE_LOOP_ANALYSIS = YES;
				CLANG_WARN_STRICT_PROTOTYPES = YES;
				CLANG_WARN_SUSPICIOUS_MOVE = YES;
				CLANG_WARN_UNREACHABLE_CODE = YES;
				CLANG_WARN__DUPLICATE_METHOD_MATCH = YES;
				"CODE_SIGN_IDENTITY[sdk=iphoneos*]" = "iPhone Developer";
				COPY_PHASE_STRIP = NO;
				DEBUG_INFORMATION_FORMAT = dwarf;
				ENABLE_STRICT_OBJC_MSGSEND = YES;
				ENABLE_TESTABILITY = YES;
				GCC_C_LANGUAGE_STANDARD = gnu99;
				GCC_DYNAMIC_NO_PIC = NO;
				GCC_NO_COMMON_BLOCKS = YES;
				GCC_OPTIMIZATION_LEVEL = 0;
				GCC_PREPROCESSOR_DEFINITIONS = (
					"DEBUG=1",
					"$(inherited)",
				);
				GCC_WARN_64_TO_32_BIT_CONVERSION = YES;
				GCC_WARN_ABOUT_RETURN_TYPE = YES_ERROR;
				GCC_WARN_UNDECLARED_SELECTOR = YES;
				GCC_WARN_UNINITIALIZED_AUTOS = YES_AGGRESSIVE;
				GCC_WARN_UNUSED_FUNCTION = YES;
				GCC_WARN_UNUSED_VARIABLE = YES;
				IPHONEOS_DEPLOYMENT_TARGET = 9.3;
				MTL_ENABLE_DEBUG_INFO = YES;
				ONLY_ACTIVE_ARCH = YES;
				SDKROOT = iphoneos;
				SWIFT_OPTIMIZATION_LEVEL = "-Onone";
				SWIFT_VERSION = 4.2;
				TARGETED_DEVICE_FAMILY = "1,2";
			};
			name = Debug;
		};
		D7C4F0BA1CF4444E003FEDB9 /* Release */ = {
			isa = XCBuildConfiguration;
			buildSettings = {
				ALWAYS_SEARCH_USER_PATHS = NO;
				CLANG_ANALYZER_NONNULL = YES;
				CLANG_CXX_LANGUAGE_STANDARD = "gnu++0x";
				CLANG_CXX_LIBRARY = "libc++";
				CLANG_ENABLE_MODULES = YES;
				CLANG_ENABLE_OBJC_ARC = YES;
				CLANG_WARN_BLOCK_CAPTURE_AUTORELEASING = YES;
				CLANG_WARN_BOOL_CONVERSION = YES;
				CLANG_WARN_COMMA = YES;
				CLANG_WARN_CONSTANT_CONVERSION = YES;
				CLANG_WARN_DIRECT_OBJC_ISA_USAGE = YES_ERROR;
				CLANG_WARN_EMPTY_BODY = YES;
				CLANG_WARN_ENUM_CONVERSION = YES;
				CLANG_WARN_INFINITE_RECURSION = YES;
				CLANG_WARN_INT_CONVERSION = YES;
				CLANG_WARN_NON_LITERAL_NULL_CONVERSION = YES;
				CLANG_WARN_OBJC_LITERAL_CONVERSION = YES;
				CLANG_WARN_OBJC_ROOT_CLASS = YES_ERROR;
				CLANG_WARN_RANGE_LOOP_ANALYSIS = YES;
				CLANG_WARN_STRICT_PROTOTYPES = YES;
				CLANG_WARN_SUSPICIOUS_MOVE = YES;
				CLANG_WARN_UNREACHABLE_CODE = YES;
				CLANG_WARN__DUPLICATE_METHOD_MATCH = YES;
				"CODE_SIGN_IDENTITY[sdk=iphoneos*]" = "iPhone Developer";
				COPY_PHASE_STRIP = NO;
				DEBUG_INFORMATION_FORMAT = "dwarf-with-dsym";
				ENABLE_NS_ASSERTIONS = NO;
				ENABLE_STRICT_OBJC_MSGSEND = YES;
				GCC_C_LANGUAGE_STANDARD = gnu99;
				GCC_NO_COMMON_BLOCKS = YES;
				GCC_WARN_64_TO_32_BIT_CONVERSION = YES;
				GCC_WARN_ABOUT_RETURN_TYPE = YES_ERROR;
				GCC_WARN_UNDECLARED_SELECTOR = YES;
				GCC_WARN_UNINITIALIZED_AUTOS = YES_AGGRESSIVE;
				GCC_WARN_UNUSED_FUNCTION = YES;
				GCC_WARN_UNUSED_VARIABLE = YES;
				IPHONEOS_DEPLOYMENT_TARGET = 9.3;
				MTL_ENABLE_DEBUG_INFO = NO;
				SDKROOT = iphoneos;
				SWIFT_COMPILATION_MODE = wholemodule;
				SWIFT_OPTIMIZATION_LEVEL = "-O";
				SWIFT_VERSION = 4.2;
				TARGETED_DEVICE_FAMILY = "1,2";
				VALIDATE_PRODUCT = YES;
			};
			name = Release;
		};
		D7C4F0BC1CF4444E003FEDB9 /* Debug */ = {
			isa = XCBuildConfiguration;
			buildSettings = {
				ASSETCATALOG_COMPILER_APPICON_NAME = AppIcon;
				FRAMEWORK_SEARCH_PATHS = (
					"$(inherited)",
					"$(PROJECT_DIR)/TestMiOS/**",
					"$(PROJECT_DIR)/TestMiOS",
				);
				INFOPLIST_FILE = TestMiOS/Info.plist;
				IPHONEOS_DEPLOYMENT_TARGET = 8.0;
				LD_RUNPATH_SEARCH_PATHS = (
					"$(inherited)",
					"@executable_path/Frameworks",
				);
				PRODUCT_BUNDLE_IDENTIFIER = com.vera.TestMiOS;
				PRODUCT_NAME = "$(TARGET_NAME)";
				SWIFT_VERSION = 5.0;
			};
			name = Debug;
		};
		D7C4F0BD1CF4444E003FEDB9 /* Release */ = {
			isa = XCBuildConfiguration;
			buildSettings = {
				ASSETCATALOG_COMPILER_APPICON_NAME = AppIcon;
				FRAMEWORK_SEARCH_PATHS = (
					"$(inherited)",
					"$(PROJECT_DIR)/TestMiOS/**",
					"$(PROJECT_DIR)/TestMiOS",
				);
				INFOPLIST_FILE = TestMiOS/Info.plist;
				IPHONEOS_DEPLOYMENT_TARGET = 8.0;
				LD_RUNPATH_SEARCH_PATHS = (
					"$(inherited)",
					"@executable_path/Frameworks",
				);
				PRODUCT_BUNDLE_IDENTIFIER = com.vera.TestMiOS;
				PRODUCT_NAME = "$(TARGET_NAME)";
				SWIFT_VERSION = 5.0;
			};
			name = Release;
		};
/* End XCBuildConfiguration section */

/* Begin XCConfigurationList section */
		D7C4F0991CF4444E003FEDB9 /* Build configuration list for PBXProject "TestMiOS" */ = {
			isa = XCConfigurationList;
			buildConfigurations = (
				D7C4F0B91CF4444E003FEDB9 /* Debug */,
				D7C4F0BA1CF4444E003FEDB9 /* Release */,
			);
			defaultConfigurationIsVisible = 0;
			defaultConfigurationName = Release;
		};
		D7C4F0BB1CF4444E003FEDB9 /* Build configuration list for PBXNativeTarget "TestMiOS" */ = {
			isa = XCConfigurationList;
			buildConfigurations = (
				D7C4F0BC1CF4444E003FEDB9 /* Debug */,
				D7C4F0BD1CF4444E003FEDB9 /* Release */,
			);
			defaultConfigurationIsVisible = 0;
			defaultConfigurationName = Release;
		};
/* End XCConfigurationList section */
	};
	rootObject = D7C4F0961CF4444E003FEDB9 /* Project object */;
}
